
Microsoft Visual Studio Solution File, Format Version 12.00
# Visual Studio 15
VisualStudioVersion = 15.0.27004.2005
MinimumVisualStudioVersion = 10.0.40219.1
Project("{8BC9CEB8-8B4A-11D0-8D11-00A0C91BC942}") = "glcm", "glcm\glcm.vcxproj", "{CEE31F3F-B367-4D6F-BEDE-CDC2149CB386}"
EndProject
Global
	GlobalSection(SolutionConfigurationPlatforms) = preSolution
		Debug|x64 = Debug|x64
		Debug|x86 = Debug|x86
		Release|x64 = Release|x64
		Release|x86 = Release|x86
	EndGlobalSection
	GlobalSection(ProjectConfigurationPlatforms) = postSolution
		{CEE31F3F-B367-4D6F-BEDE-CDC2149CB386}.Debug|x64.ActiveCfg = Debug|x64
		{CEE31F3F-B367-4D6F-BEDE-CDC2149CB386}.Debug|x64.Build.0 = Debug|x64
		{CEE31F3F-B367-4D6F-BEDE-CDC2149CB386}.Debug|x86.ActiveCfg = Debug|Win32
		{CEE31F3F-B367-4D6F-BEDE-CDC2149CB386}.Debug|x86.Build.0 = Debug|Win32
		{CEE31F3F-B367-4D6F-BEDE-CDC2149CB386}.Release|x64.ActiveCfg = Release|x64
		{CEE31F3F-B367-4D6F-BEDE-CDC2149CB386}.Release|x64.Build.0 = Release|x64
		{CEE31F3F-B367-4D6F-BEDE-CDC2149CB386}.Release|x86.ActiveCfg = Release|Win32
		{CEE31F3F-B367-4D6F-BEDE-CDC2149CB386}.Release|x86.Build.0 = Release|Win32
	EndGlobalSection
	GlobalSection(SolutionProperties) = preSolution
		HideSolutionNode = FALSE
	EndGlobalSection
	GlobalSection(ExtensibilityGlobals) = postSolution
		SolutionGuid = {2EAD0261-EF86-42D8-86E6-E83F4D30E2F6}
	EndGlobalSection
EndGlobal
